
Microsoft Visual Studio Solution File, Format Version 12.00
# Visual Studio Version 16
VisualStudioVersion = 16.0.31424.327
MinimumVisualStudioVersion = 10.0.40219.1
Project("{FAE04EC0-301F-11D3-BF4B-00C04F79EFBC}") = "M9OH52_6.gyak", "M9OH52_6.gyak\M9OH52_6.gyak.csproj", "{B0C9F4B4-B867-4AA7-8A75-4C5C41947320}"
EndProject
Global
	GlobalSection(SolutionConfigurationPlatforms) = preSolution
		Debug|Any CPU = Debug|Any CPU
		Release|Any CPU = Release|Any CPU
	EndGlobalSection
	GlobalSection(ProjectConfigurationPlatforms) = postSolution
		{B0C9F4B4-B867-4AA7-8A75-4C5C41947320}.Debug|Any CPU.ActiveCfg = Debug|Any CPU
		{B0C9F4B4-B867-4AA7-8A75-4C5C41947320}.Debug|Any CPU.Build.0 = Debug|Any CPU
		{B0C9F4B4-B867-4AA7-8A75-4C5C41947320}.Release|Any CPU.ActiveCfg = Release|Any CPU
		{B0C9F4B4-B867-4AA7-8A75-4C5C41947320}.Release|Any CPU.Build.0 = Release|Any CPU
	EndGlobalSection
	GlobalSection(SolutionProperties) = preSolution
		HideSolutionNode = FALSE
	EndGlobalSection
	GlobalSection(ExtensibilityGlobals) = postSolution
		SolutionGuid = {0F91AD3B-C83C-484A-9909-DD12307A9AFC}
	EndGlobalSection
EndGlobal
